
Microsoft Visual Studio Solution File, Format Version 12.00
# Visual Studio 15
VisualStudioVersion = 15.0.26730.12
MinimumVisualStudioVersion = 10.0.40219.1
Project("{FAE04EC0-301F-11D3-BF4B-00C04F79EFBC}") = "Chaser", "Chaser.csproj", "{380822D3-97D9-4741-B6E8-7BD1FC28C0D7}"
EndProject
Project("{FAE04EC0-301F-11D3-BF4B-00C04F79EFBC}") = "Chaser.UI", "..\Chaser.UI\Chaser.UI.csproj", "{0887577C-0001-433F-885B-DE9B496C0F56}"
EndProject
Project("{FAE04EC0-301F-11D3-BF4B-00C04F79EFBC}") = "Chaser.Game", "Chaser.Game\Chaser.Game.csproj", "{76AFD933-D08A-4C93-A1DA-95BA37F8D6A2}"
EndProject
Global
	GlobalSection(SolutionConfigurationPlatforms) = preSolution
		Debug|Any CPU = Debug|Any CPU
		Release|Any CPU = Release|Any CPU
	EndGlobalSection
	GlobalSection(ProjectConfigurationPlatforms) = postSolution
		{380822D3-97D9-4741-B6E8-7BD1FC28C0D7}.Debug|Any CPU.ActiveCfg = Debug|Any CPU
		{380822D3-97D9-4741-B6E8-7BD1FC28C0D7}.Debug|Any CPU.Build.0 = Debug|Any CPU
		{380822D3-97D9-4741-B6E8-7BD1FC28C0D7}.Release|Any CPU.ActiveCfg = Release|Any CPU
		{380822D3-97D9-4741-B6E8-7BD1FC28C0D7}.Release|Any CPU.Build.0 = Release|Any CPU
		{0887577C-0001-433F-885B-DE9B496C0F56}.Debug|Any CPU.ActiveCfg = Debug|Any CPU
		{0887577C-0001-433F-885B-DE9B496C0F56}.Debug|Any CPU.Build.0 = Debug|Any CPU
		{0887577C-0001-433F-885B-DE9B496C0F56}.Release|Any CPU.ActiveCfg = Release|Any CPU
		{0887577C-0001-433F-885B-DE9B496C0F56}.Release|Any CPU.Build.0 = Release|Any CPU
		{76AFD933-D08A-4C93-A1DA-95BA37F8D6A2}.Debug|Any CPU.ActiveCfg = Debug|Any CPU
		{76AFD933-D08A-4C93-A1DA-95BA37F8D6A2}.Debug|Any CPU.Build.0 = Debug|Any CPU
		{76AFD933-D08A-4C93-A1DA-95BA37F8D6A2}.Release|Any CPU.ActiveCfg = Release|Any CPU
		{76AFD933-D08A-4C93-A1DA-95BA37F8D6A2}.Release|Any CPU.Build.0 = Release|Any CPU
	EndGlobalSection
	GlobalSection(SolutionProperties) = preSolution
		HideSolutionNode = FALSE
	EndGlobalSection
	GlobalSection(ExtensibilityGlobals) = postSolution
		SolutionGuid = {4C0D11B2-22E1-4D8D-BDB6-3FF87279FEA2}
	EndGlobalSection
EndGlobal
